// !$*UTF8*$!
{
	archiveVersion = 1;
	classes = {
	};
	objectVersion = 50;
	objects = {

/* Begin PBXBuildFile section */
		3BD526BE26AD77310041585E /* AppDelegate.swift in Sources */ = {isa = PBXBuildFile; fileRef = 3BD526BD26AD77310041585E /* AppDelegate.swift */; };
		3BD526C026AD77310041585E /* SceneDelegate.swift in Sources */ = {isa = PBXBuildFile; fileRef = 3BD526BF26AD77310041585E /* SceneDelegate.swift */; };
		3BD526C526AD77310041585E /* Main.storyboard in Resources */ = {isa = PBXBuildFile; fileRef = 3BD526C326AD77310041585E /* Main.storyboard */; };
		3BD526C726AD77330041585E /* Assets.xcassets in Resources */ = {isa = PBXBuildFile; fileRef = 3BD526C626AD77330041585E /* Assets.xcassets */; };
		3BD526CA26AD77330041585E /* LaunchScreen.storyboard in Resources */ = {isa = PBXBuildFile; fileRef = 3BD526C826AD77330041585E /* LaunchScreen.storyboard */; };
		3BD526D426AD77DF0041585E /* Model.swift in Sources */ = {isa = PBXBuildFile; fileRef = 3BD526D326AD77DF0041585E /* Model.swift */; };
		3BD526DB26AD98E50041585E /* CoursesControler.swift in Sources */ = {isa = PBXBuildFile; fileRef = 3BD526DA26AD98E50041585E /* CoursesControler.swift */; };
		3BD526DD26AD9AD80041585E /* data.xml in Resources */ = {isa = PBXBuildFile; fileRef = 3BD526DC26AD9AD80041585E /* data.xml */; };
/* End PBXBuildFile section */

/* Begin PBXFileReference section */
		3BD526BA26AD77310041585E /* CurrencyExchangeRate.app */ = {isa = PBXFileReference; explicitFileType = wrapper.application; includeInIndex = 0; path = CurrencyExchangeRate.app; sourceTree = BUILT_PRODUCTS_DIR; };
		3BD526BD26AD77310041585E /* AppDelegate.swift */ = {isa = PBXFileReference; lastKnownFileType = sourcecode.swift; path = AppDelegate.swift; sourceTree = "<group>"; };
		3BD526BF26AD77310041585E /* SceneDelegate.swift */ = {isa = PBXFileReference; lastKnownFileType = sourcecode.swift; path = SceneDelegate.swift; sourceTree = "<group>"; };
		3BD526C426AD77310041585E /* Base */ = {isa = PBXFileReference; lastKnownFileType = file.storyboard; name = Base; path = Base.lproj/Main.storyboard; sourceTree = "<group>"; };
		3BD526C626AD77330041585E /* Assets.xcassets */ = {isa = PBXFileReference; lastKnownFileType = folder.assetcatalog; path = Assets.xcassets; sourceTree = "<group>"; };
		3BD526C926AD77330041585E /* Base */ = {isa = PBXFileReference; lastKnownFileType = file.storyboard; name = Base; path = Base.lproj/LaunchScreen.storyboard; sourceTree = "<group>"; };
		3BD526CB26AD77330041585E /* Info.plist */ = {isa = PBXFileReference; lastKnownFileType = text.plist.xml; path = Info.plist; sourceTree = "<group>"; };
		3BD526D326AD77DF0041585E /* Model.swift */ = {isa = PBXFileReference; lastKnownFileType = sourcecode.swift; path = Model.swift; sourceTree = "<group>"; };
		3BD526DA26AD98E50041585E /* CoursesControler.swift */ = {isa = PBXFileReference; lastKnownFileType = sourcecode.swift; path = CoursesControler.swift; sourceTree = "<group>"; };
		3BD526DC26AD9AD80041585E /* data.xml */ = {isa = PBXFileReference; fileEncoding = 4; lastKnownFileType = text.xml; path = data.xml; sourceTree = "<group>"; };
/* End PBXFileReference section */

/* Begin PBXFrameworksBuildPhase section */
		3BD526B726AD77310041585E /* Frameworks */ = {
			isa = PBXFrameworksBuildPhase;
			buildActionMask = 2147483647;
			files = (
			);
			runOnlyForDeploymentPostprocessing = 0;
		};
/* End PBXFrameworksBuildPhase section */

/* Begin PBXGroup section */
		3BD526B126AD77310041585E = {
			isa = PBXGroup;
			children = (
				3BD526BC26AD77310041585E /* CurrencyExchangeRate */,
				3BD526BB26AD77310041585E /* Products */,
			);
			sourceTree = "<group>";
		};
		3BD526BB26AD77310041585E /* Products */ = {
			isa = PBXGroup;
			children = (
				3BD526BA26AD77310041585E /* CurrencyExchangeRate.app */,
			);
			name = Products;
			sourceTree = "<group>";
		};
		3BD526BC26AD77310041585E /* CurrencyExchangeRate */ = {
			isa = PBXGroup;
			children = (
				3BD526D526AD77E70041585E /* Delegate */,
				3BD526D726AD78170041585E /* Model */,
				3BD526D626AD77F40041585E /* View */,
				3BD526D926AD786A0041585E /* Controler */,
				3BD526C626AD77330041585E /* Assets.xcassets */,
				3BD526CB26AD77330041585E /* Info.plist */,
				3BD526DC26AD9AD80041585E /* data.xml */,
			);
			path = CurrencyExchangeRate;
			sourceTree = "<group>";
		};
		3BD526D526AD77E70041585E /* Delegate */ = {
			isa = PBXGroup;
			children = (
				3BD526BF26AD77310041585E /* SceneDelegate.swift */,
				3BD526BD26AD77310041585E /* AppDelegate.swift */,
			);
			path = Delegate;
			sourceTree = "<group>";
		};
		3BD526D626AD77F40041585E /* View */ = {
			isa = PBXGroup;
			children = (
				3BD526DA26AD98E50041585E /* CoursesControler.swift */,
			);
			path = View;
			sourceTree = "<group>";
		};
		3BD526D726AD78170041585E /* Model */ = {
			isa = PBXGroup;
			children = (
				3BD526D326AD77DF0041585E /* Model.swift */,
			);
			path = Model;
			sourceTree = "<group>";
		};
		3BD526D926AD786A0041585E /* Controler */ = {
			isa = PBXGroup;
			children = (
				3BD526C326AD77310041585E /* Main.storyboard */,
				3BD526C826AD77330041585E /* LaunchScreen.storyboard */,
			);
			path = Controler;
			sourceTree = "<group>";
		};
/* End PBXGroup section */

/* Begin PBXNativeTarget section */
		3BD526B926AD77310041585E /* CurrencyExchangeRate */ = {
			isa = PBXNativeTarget;
			buildConfigurationList = 3BD526CE26AD77330041585E /* Build configuration list for PBXNativeTarget "CurrencyExchangeRate" */;
			buildPhases = (
				3BD526B626AD77310041585E /* Sources */,
				3BD526B726AD77310041585E /* Frameworks */,
				3BD526B826AD77310041585E /* Resources */,
			);
			buildRules = (
			);
			dependencies = (
			);
			name = CurrencyExchangeRate;
			productName = CurrencyExchangeRate;
			productReference = 3BD526BA26AD77310041585E /* CurrencyExchangeRate.app */;
			productType = "com.apple.product-type.application";
		};
/* End PBXNativeTarget section */

/* Begin PBXProject section */
		3BD526B226AD77310041585E /* Project object */ = {
			isa = PBXProject;
			attributes = {
				LastSwiftUpdateCheck = 1250;
				LastUpgradeCheck = 1250;
				TargetAttributes = {
					3BD526B926AD77310041585E = {
						CreatedOnToolsVersion = 12.5.1;
					};
				};
			};
			buildConfigurationList = 3BD526B526AD77310041585E /* Build configuration list for PBXProject "CurrencyExchangeRate" */;
			compatibilityVersion = "Xcode 9.3";
			developmentRegion = en;
			hasScannedForEncodings = 0;
			knownRegions = (
				en,
				Base,
			);
			mainGroup = 3BD526B126AD77310041585E;
			productRefGroup = 3BD526BB26AD77310041585E /* Products */;
			projectDirPath = "";
			projectRoot = "";
			targets = (
				3BD526B926AD77310041585E /* CurrencyExchangeRate */,
			);
		};
/* End PBXProject section */

/* Begin PBXResourcesBuildPhase section */
		3BD526B826AD77310041585E /* Resources */ = {
			isa = PBXResourcesBuildPhase;
			buildActionMask = 2147483647;
			files = (
				3BD526CA26AD77330041585E /* LaunchScreen.storyboard in Resources */,
				3BD526DD26AD9AD80041585E /* data.xml in Resources */,
				3BD526C726AD77330041585E /* Assets.xcassets in Resources */,
				3BD526C526AD77310041585E /* Main.storyboard in Resources */,
			);
			runOnlyForDeploymentPostprocessing = 0;
		};
/* End PBXResourcesBuildPhase section */

/* Begin PBXSourcesBuildPhase section */
		3BD526B626AD77310041585E /* Sources */ = {
			isa = PBXSourcesBuildPhase;
			buildActionMask = 2147483647;
			files = (
				3BD526BE26AD77310041585E /* AppDelegate.swift in Sources */,
				3BD526DB26AD98E50041585E /* CoursesControler.swift in Sources */,
				3BD526C026AD77310041585E /* SceneDelegate.swift in Sources */,
				3BD526D426AD77DF0041585E /* Model.swift in Sources */,
			);
			runOnlyForDeploymentPostprocessing = 0;
		};
/* End PBXSourcesBuildPhase section */

/* Begin PBXVariantGroup section */
		3BD526C326AD77310041585E /* Main.storyboard */ = {
			isa = PBXVariantGroup;
			children = (
				3BD526C426AD77310041585E /* Base */,
			);
			name = Main.storyboard;
			sourceTree = "<group>";
		};
		3BD526C826AD77330041585E /* LaunchScreen.storyboard */ = {
			isa = PBXVariantGroup;
			children = (
				3BD526C926AD77330041585E /* Base */,
			);
			name = LaunchScreen.storyboard;
			sourceTree = "<group>";
		};
/* End PBXVariantGroup section */

/* Begin XCBuildConfiguration section */
		3BD526CC26AD77330041585E /* Debug */ = {
			isa = XCBuildConfiguration;
			buildSettings = {
				ALWAYS_SEARCH_USER_PATHS = NO;
				CLANG_ANALYZER_NONNULL = YES;
				CLANG_ANALYZER_NUMBER_OBJECT_CONVERSION = YES_AGGRESSIVE;
				CLANG_CXX_LANGUAGE_STANDARD = "gnu++14";
				CLANG_CXX_LIBRARY = "libc++";
				CLANG_ENABLE_MODULES = YES;
				CLANG_ENABLE_OBJC_ARC = YES;
				CLANG_ENABLE_OBJC_WEAK = YES;
				CLANG_WARN_BLOCK_CAPTURE_AUTORELEASING = YES;
				CLANG_WARN_BOOL_CONVERSION = YES;
				CLANG_WARN_COMMA = YES;
				CLANG_WARN_CONSTANT_CONVERSION = YES;
				CLANG_WARN_DEPRECATED_OBJC_IMPLEMENTATIONS = YES;
				CLANG_WARN_DIRECT_OBJC_ISA_USAGE = YES_ERROR;
				CLANG_WARN_DOCUMENTATION_COMMENTS = YES;
				CLANG_WARN_EMPTY_BODY = YES;
				CLANG_WARN_ENUM_CONVERSION = YES;
				CLANG_WARN_INFINITE_RECURSION = YES;
				CLANG_WARN_INT_CONVERSION = YES;
				CLANG_WARN_NON_LITERAL_NULL_CONVERSION = YES;
				CLANG_WARN_OBJC_IMPLICIT_RETAIN_SELF = YES;
				CLANG_WARN_OBJC_LITERAL_CONVERSION = YES;
				CLANG_WARN_OBJC_ROOT_CLASS = YES_ERROR;
				CLANG_WARN_QUOTED_INCLUDE_IN_FRAMEWORK_HEADER = YES;
				CLANG_WARN_RANGE_LOOP_ANALYSIS = YES;
				CLANG_WARN_STRICT_PROTOTYPES = YES;
				CLANG_WARN_SUSPICIOUS_MOVE = YES;
				CLANG_WARN_UNGUARDED_AVAILABILITY = YES_AGGRESSIVE;
				CLANG_WARN_UNREACHABLE_CODE = YES;
				CLANG_WARN__DUPLICATE_METHOD_MATCH = YES;
				COPY_PHASE_STRIP = NO;
				DEBUG_INFORMATION_FORMAT = dwarf;
				ENABLE_STRICT_OBJC_MSGSEND = YES;
				ENABLE_TESTABILITY = YES;
				GCC_C_LANGUAGE_STANDARD = gnu11;
				GCC_DYNAMIC_NO_PIC = NO;
				GCC_NO_COMMON_BLOCKS = YES;
				GCC_OPTIMIZATION_LEVEL = 0;
				GCC_PREPROCESSOR_DEFINITIONS = (
					"DEBUG=1",
					"$(inherited)",
				);
				GCC_WARN_64_TO_32_BIT_CONVERSION = YES;
				GCC_WARN_ABOUT_RETURN_TYPE = YES_ERROR;
				GCC_WARN_UNDECLARED_SELECTOR = YES;
				GCC_WARN_UNINITIALIZED_AUTOS = YES_AGGRESSIVE;
				GCC_WARN_UNUSED_FUNCTION = YES;
				GCC_WARN_UNUSED_VARIABLE = YES;
				IPHONEOS_DEPLOYMENT_TARGET = 14.5;
				MTL_ENABLE_DEBUG_INFO = INCLUDE_SOURCE;
				MTL_FAST_MATH = YES;
				ONLY_ACTIVE_ARCH = YES;
				SDKROOT = iphoneos;
				SWIFT_ACTIVE_COMPILATION_CONDITIONS = DEBUG;
				SWIFT_OPTIMIZATION_LEVEL = "-Onone";
			};
			name = Debug;
		};
		3BD526CD26AD77330041585E /* Release */ = {
			isa = XCBuildConfiguration;
			buildSettings = {
				ALWAYS_SEARCH_USER_PATHS = NO;
				CLANG_ANALYZER_NONNULL = YES;
				CLANG_ANALYZER_NUMBER_OBJECT_CONVERSION = YES_AGGRESSIVE;
				CLANG_CXX_LANGUAGE_STANDARD = "gnu++14";
				CLANG_CXX_LIBRARY = "libc++";
				CLANG_ENABLE_MODULES = YES;
				CLANG_ENABLE_OBJC_ARC = YES;
				CLANG_ENABLE_OBJC_WEAK = YES;
				CLANG_WARN_BLOCK_CAPTURE_AUTORELEASING = YES;
				CLANG_WARN_BOOL_CONVERSION = YES;
				CLANG_WARN_COMMA = YES;
				CLANG_WARN_CONSTANT_CONVERSION = YES;
				CLANG_WARN_DEPRECATED_OBJC_IMPLEMENTATIONS = YES;
				CLANG_WARN_DIRECT_OBJC_ISA_USAGE = YES_ERROR;
				CLANG_WARN_DOCUMENTATION_COMMENTS = YES;
				CLANG_WARN_EMPTY_BODY = YES;
				CLANG_WARN_ENUM_CONVERSION = YES;
				CLANG_WARN_INFINITE_RECURSION = YES;
				CLANG_WARN_INT_CONVERSION = YES;
				CLANG_WARN_NON_LITERAL_NULL_CONVERSION = YES;
				CLANG_WARN_OBJC_IMPLICIT_RETAIN_SELF = YES;
				CLANG_WARN_OBJC_LITERAL_CONVERSION = YES;
				CLANG_WARN_OBJC_ROOT_CLASS = YES_ERROR;
				CLANG_WARN_QUOTED_INCLUDE_IN_FRAMEWORK_HEADER = YES;
				CLANG_WARN_RANGE_LOOP_ANALYSIS = YES;
				CLANG_WARN_STRICT_PROTOTYPES = YES;
				CLANG_WARN_SUSPICIOUS_MOVE = YES;
				CLANG_WARN_UNGUARDED_AVAILABILITY = YES_AGGRESSIVE;
				CLANG_WARN_UNREACHABLE_CODE = YES;
				CLANG_WARN__DUPLICATE_METHOD_MATCH = YES;
				COPY_PHASE_STRIP = NO;
				DEBUG_INFORMATION_FORMAT = "dwarf-with-dsym";
				ENABLE_NS_ASSERTIONS = NO;
				ENABLE_STRICT_OBJC_MSGSEND = YES;
				GCC_C_LANGUAGE_STANDARD = gnu11;
				GCC_NO_COMMON_BLOCKS = YES;
				GCC_WARN_64_TO_32_BIT_CONVERSION = YES;
				GCC_WARN_ABOUT_RETURN_TYPE = YES_ERROR;
				GCC_WARN_UNDECLARED_SELECTOR = YES;
				GCC_WARN_UNINITIALIZED_AUTOS = YES_AGGRESSIVE;
				GCC_WARN_UNUSED_FUNCTION = YES;
				GCC_WARN_UNUSED_VARIABLE = YES;
				IPHONEOS_DEPLOYMENT_TARGET = 14.5;
				MTL_ENABLE_DEBUG_INFO = NO;
				MTL_FAST_MATH = YES;
				SDKROOT = iphoneos;
				SWIFT_COMPILATION_MODE = wholemodule;
				SWIFT_OPTIMIZATION_LEVEL = "-O";
				VALIDATE_PRODUCT = YES;
			};
			name = Release;
		};
		3BD526CF26AD77330041585E /* Debug */ = {
			isa = XCBuildConfiguration;
			buildSettings = {
				ASSETCATALOG_COMPILER_APPICON_NAME = AppIcon;
				ASSETCATALOG_COMPILER_GLOBAL_ACCENT_COLOR_NAME = AccentColor;
				CODE_SIGN_STYLE = Automatic;
				DEVELOPMENT_TEAM = Z2TC3L6A9U;
				INFOPLIST_FILE = CurrencyExchangeRate/Info.plist;
				LD_RUNPATH_SEARCH_PATHS = (
					"$(inherited)",
					"@executable_path/Frameworks",
				);
				PRODUCT_BUNDLE_IDENTIFIER = "Danya-Belskiy.CurrencyExchangeRate";
				PRODUCT_NAME = "$(TARGET_NAME)";
				SWIFT_VERSION = 5.0;
				TARGETED_DEVICE_FAMILY = "1,2";
			};
			name = Debug;
		};
		3BD526D026AD77330041585E /* Release */ = {
			isa = XCBuildConfiguration;
			buildSettings = {
				ASSETCATALOG_COMPILER_APPICON_NAME = AppIcon;
				ASSETCATALOG_COMPILER_GLOBAL_ACCENT_COLOR_NAME = AccentColor;
				CODE_SIGN_STYLE = Automatic;
				DEVELOPMENT_TEAM = Z2TC3L6A9U;
				INFOPLIST_FILE = CurrencyExchangeRate/Info.plist;
				LD_RUNPATH_SEARCH_PATHS = (
					"$(inherited)",
					"@executable_path/Frameworks",
				);
				PRODUCT_BUNDLE_IDENTIFIER = "Danya-Belskiy.CurrencyExchangeRate";
				PRODUCT_NAME = "$(TARGET_NAME)";
				SWIFT_VERSION = 5.0;
				TARGETED_DEVICE_FAMILY = "1,2";
			};
			name = Release;
		};
/* End XCBuildConfiguration section */

/* Begin XCConfigurationList section */
		3BD526B526AD77310041585E /* Build configuration list for PBXProject "CurrencyExchangeRate" */ = {
			isa = XCConfigurationList;
			buildConfigurations = (
				3BD526CC26AD77330041585E /* Debug */,
				3BD526CD26AD77330041585E /* Release */,
			);
			defaultConfigurationIsVisible = 0;
			defaultConfigurationName = Release;
		};
		3BD526CE26AD77330041585E /* Build configuration list for PBXNativeTarget "CurrencyExchangeRate" */ = {
			isa = XCConfigurationList;
			buildConfigurations = (
				3BD526CF26AD77330041585E /* Debug */,
				3BD526D026AD77330041585E /* Release */,
			);
			defaultConfigurationIsVisible = 0;
			defaultConfigurationName = Release;
		};
/* End XCConfigurationList section */
	};
	rootObject = 3BD526B226AD77310041585E /* Project object */;
}
